
Microsoft Visual Studio Solution File, Format Version 12.00
# Visual Studio Version 17
VisualStudioVersion = 17.4.33213.308
MinimumVisualStudioVersion = 10.0.40219.1
Project("{FAE04EC0-301F-11D3-BF4B-00C04F79EFBC}") = "airbnb", "airbnb\airbnb.csproj", "{2D62B9D6-38E8-4784-9A38-8D4F7C5E299C}"
EndProject
Global
	GlobalSection(SolutionConfigurationPlatforms) = preSolution
		Debug|Any CPU = Debug|Any CPU
		Release|Any CPU = Release|Any CPU
	EndGlobalSection
	GlobalSection(ProjectConfigurationPlatforms) = postSolution
		{2D62B9D6-38E8-4784-9A38-8D4F7C5E299C}.Debug|Any CPU.ActiveCfg = Debug|Any CPU
		{2D62B9D6-38E8-4784-9A38-8D4F7C5E299C}.Debug|Any CPU.Build.0 = Debug|Any CPU
		{2D62B9D6-38E8-4784-9A38-8D4F7C5E299C}.Release|Any CPU.ActiveCfg = Release|Any CPU
		{2D62B9D6-38E8-4784-9A38-8D4F7C5E299C}.Release|Any CPU.Build.0 = Release|Any CPU
	EndGlobalSection
	GlobalSection(SolutionProperties) = preSolution
		HideSolutionNode = FALSE
	EndGlobalSection
	GlobalSection(ExtensibilityGlobals) = postSolution
		SolutionGuid = {8ADC1F0E-4CC7-4539-9E9B-B403270DC4F3}
	EndGlobalSection
EndGlobal
